
Microsoft Visual Studio Solution File, Format Version 12.00
# Visual Studio Version 17
VisualStudioVersion = 17.7.34031.279
MinimumVisualStudioVersion = 10.0.40219.1
Project("{9A19103F-16F7-4668-BE54-9A1E7A4F7556}") = "Pruebas", "Pruebas\Pruebas.csproj", "{6B0FCF04-037A-4075-A3EB-ECFEA0BFBB4A}"
EndProject
Project("{FAE04EC0-301F-11D3-BF4B-00C04F79EFBC}") = "TestProject", "TestProject\TestProject.csproj", "{D34F7EF3-9622-44A4-B7D1-184CC90A8DEF}"
EndProject
Global
	GlobalSection(SolutionConfigurationPlatforms) = preSolution
		Debug|Any CPU = Debug|Any CPU
		Release|Any CPU = Release|Any CPU
	EndGlobalSection
	GlobalSection(ProjectConfigurationPlatforms) = postSolution
		{6B0FCF04-037A-4075-A3EB-ECFEA0BFBB4A}.Debug|Any CPU.ActiveCfg = Debug|Any CPU
		{6B0FCF04-037A-4075-A3EB-ECFEA0BFBB4A}.Debug|Any CPU.Build.0 = Debug|Any CPU
		{6B0FCF04-037A-4075-A3EB-ECFEA0BFBB4A}.Release|Any CPU.ActiveCfg = Release|Any CPU
		{6B0FCF04-037A-4075-A3EB-ECFEA0BFBB4A}.Release|Any CPU.Build.0 = Release|Any CPU
		{D34F7EF3-9622-44A4-B7D1-184CC90A8DEF}.Debug|Any CPU.ActiveCfg = Debug|Any CPU
		{D34F7EF3-9622-44A4-B7D1-184CC90A8DEF}.Debug|Any CPU.Build.0 = Debug|Any CPU
		{D34F7EF3-9622-44A4-B7D1-184CC90A8DEF}.Release|Any CPU.ActiveCfg = Release|Any CPU
		{D34F7EF3-9622-44A4-B7D1-184CC90A8DEF}.Release|Any CPU.Build.0 = Release|Any CPU
	EndGlobalSection
	GlobalSection(SolutionProperties) = preSolution
		HideSolutionNode = FALSE
	EndGlobalSection
	GlobalSection(ExtensibilityGlobals) = postSolution
		SolutionGuid = {5B330ED0-38FA-4E1A-B351-3EC030A45AF6}
	EndGlobalSection
EndGlobal
